
Microsoft Visual Studio Solution File, Format Version 12.00
# Visual Studio Version 17
VisualStudioVersion = 17.7.34031.279
MinimumVisualStudioVersion = 10.0.40219.1
Project("{9A19103F-16F7-4668-BE54-9A1E7A4F7556}") = "Calculator", "Calculator\Calculator.csproj", "{E9A9B3A4-6B65-4DCF-BF19-C692FBD9F1E5}"
EndProject
Project("{9A19103F-16F7-4668-BE54-9A1E7A4F7556}") = "StudentsManagementSystem", "StudentsManagementSystem\StudentsManagementSystem.csproj", "{1F5D93DD-7622-41AF-85A1-D88FA8D118D9}"
EndProject
Project("{9A19103F-16F7-4668-BE54-9A1E7A4F7556}") = "LibraryManagementSystem", "LibraryManagementSystem\LibraryManagementSystem.csproj", "{43334D22-543F-43D0-95E4-489CBA0E2363}"
EndProject
Project("{9A19103F-16F7-4668-BE54-9A1E7A4F7556}") = "To-DoListApp", "To-DoListApp\To-DoListApp.csproj", "{F1FAD06B-F4A0-4534-ABA4-0262D8BC2988}"
EndProject
Project("{9A19103F-16F7-4668-BE54-9A1E7A4F7556}") = "OnlineBookstoreManagement", "OnlineBookstoreManagement\OnlineBookstoreManagement.csproj", "{CC4EFD6C-B9D6-44E1-80B7-CFF5AA578924}"
EndProject
Project("{FAE04EC0-301F-11D3-BF4B-00C04F79EFBC}") = "SvilengradCasino", "SvilengradCasino\SvilengradCasino.csproj", "{3B00169C-0B03-426F-8D61-16671A396B38}"
EndProject
Global
	GlobalSection(SolutionConfigurationPlatforms) = preSolution
		Debug|Any CPU = Debug|Any CPU
		Release|Any CPU = Release|Any CPU
	EndGlobalSection
	GlobalSection(ProjectConfigurationPlatforms) = postSolution
		{E9A9B3A4-6B65-4DCF-BF19-C692FBD9F1E5}.Debug|Any CPU.ActiveCfg = Debug|Any CPU
		{E9A9B3A4-6B65-4DCF-BF19-C692FBD9F1E5}.Debug|Any CPU.Build.0 = Debug|Any CPU
		{E9A9B3A4-6B65-4DCF-BF19-C692FBD9F1E5}.Release|Any CPU.ActiveCfg = Release|Any CPU
		{E9A9B3A4-6B65-4DCF-BF19-C692FBD9F1E5}.Release|Any CPU.Build.0 = Release|Any CPU
		{1F5D93DD-7622-41AF-85A1-D88FA8D118D9}.Debug|Any CPU.ActiveCfg = Debug|Any CPU
		{1F5D93DD-7622-41AF-85A1-D88FA8D118D9}.Debug|Any CPU.Build.0 = Debug|Any CPU
		{1F5D93DD-7622-41AF-85A1-D88FA8D118D9}.Release|Any CPU.ActiveCfg = Release|Any CPU
		{1F5D93DD-7622-41AF-85A1-D88FA8D118D9}.Release|Any CPU.Build.0 = Release|Any CPU
		{43334D22-543F-43D0-95E4-489CBA0E2363}.Debug|Any CPU.ActiveCfg = Debug|Any CPU
		{43334D22-543F-43D0-95E4-489CBA0E2363}.Debug|Any CPU.Build.0 = Debug|Any CPU
		{43334D22-543F-43D0-95E4-489CBA0E2363}.Release|Any CPU.ActiveCfg = Release|Any CPU
		{43334D22-543F-43D0-95E4-489CBA0E2363}.Release|Any CPU.Build.0 = Release|Any CPU
		{F1FAD06B-F4A0-4534-ABA4-0262D8BC2988}.Debug|Any CPU.ActiveCfg = Debug|Any CPU
		{F1FAD06B-F4A0-4534-ABA4-0262D8BC2988}.Debug|Any CPU.Build.0 = Debug|Any CPU
		{F1FAD06B-F4A0-4534-ABA4-0262D8BC2988}.Release|Any CPU.ActiveCfg = Release|Any CPU
		{F1FAD06B-F4A0-4534-ABA4-0262D8BC2988}.Release|Any CPU.Build.0 = Release|Any CPU
		{CC4EFD6C-B9D6-44E1-80B7-CFF5AA578924}.Debug|Any CPU.ActiveCfg = Debug|Any CPU
		{CC4EFD6C-B9D6-44E1-80B7-CFF5AA578924}.Debug|Any CPU.Build.0 = Debug|Any CPU
		{CC4EFD6C-B9D6-44E1-80B7-CFF5AA578924}.Release|Any CPU.ActiveCfg = Release|Any CPU
		{CC4EFD6C-B9D6-44E1-80B7-CFF5AA578924}.Release|Any CPU.Build.0 = Release|Any CPU
		{3B00169C-0B03-426F-8D61-16671A396B38}.Debug|Any CPU.ActiveCfg = Debug|Any CPU
		{3B00169C-0B03-426F-8D61-16671A396B38}.Debug|Any CPU.Build.0 = Debug|Any CPU
		{3B00169C-0B03-426F-8D61-16671A396B38}.Release|Any CPU.ActiveCfg = Release|Any CPU
		{3B00169C-0B03-426F-8D61-16671A396B38}.Release|Any CPU.Build.0 = Release|Any CPU
	EndGlobalSection
	GlobalSection(SolutionProperties) = preSolution
		HideSolutionNode = FALSE
	EndGlobalSection
	GlobalSection(ExtensibilityGlobals) = postSolution
		SolutionGuid = {CDA2A360-F98D-43C1-89C5-9917E5812C0F}
	EndGlobalSection
EndGlobal
